// !$*UTF8*$!
{
	archiveVersion = 1;
	classes = {
	};
	objectVersion = 46;
	objects = {

/* Begin PBXBuildFile section */
		87181C6C1F8B42C900609AE7 /* ContactListController.m in Sources */ = {isa = PBXBuildFile; fileRef = 87181C6A1F8B42C900609AE7 /* ContactListController.m */; };
		87181C6D1F8B42C900609AE7 /* ContactListController.xib in Resources */ = {isa = PBXBuildFile; fileRef = 87181C6B1F8B42C900609AE7 /* ContactListController.xib */; };
		87181C711F8B42EA00609AE7 /* ContactDetailsController.m in Sources */ = {isa = PBXBuildFile; fileRef = 87181C6F1F8B42EA00609AE7 /* ContactDetailsController.m */; };
		87181C721F8B42EA00609AE7 /* ContactDetailsController.xib in Resources */ = {isa = PBXBuildFile; fileRef = 87181C701F8B42EA00609AE7 /* ContactDetailsController.xib */; };
		87181C761F8B430400609AE7 /* ContactEditController.m in Sources */ = {isa = PBXBuildFile; fileRef = 87181C741F8B430400609AE7 /* ContactEditController.m */; };
		87181C771F8B430400609AE7 /* ContactEditController.m in Sources */ = {isa = PBXBuildFile; fileRef = 87181C741F8B430400609AE7 /* ContactEditController.m */; };
		87181C781F8B430400609AE7 /* ContactEditController.xib in Resources */ = {isa = PBXBuildFile; fileRef = 87181C751F8B430400609AE7 /* ContactEditController.xib */; };
		87181C791F8B430400609AE7 /* ContactEditController.xib in Resources */ = {isa = PBXBuildFile; fileRef = 87181C751F8B430400609AE7 /* ContactEditController.xib */; };
		87181C7A1F8B432C00609AE7 /* ContactDetailsController.xib in Resources */ = {isa = PBXBuildFile; fileRef = 87181C701F8B42EA00609AE7 /* ContactDetailsController.xib */; };
		87181C7B1F8B433000609AE7 /* ContactDetailsController.m in Sources */ = {isa = PBXBuildFile; fileRef = 87181C6F1F8B42EA00609AE7 /* ContactDetailsController.m */; };
		87181C7C1F8B433400609AE7 /* ContactListController.xib in Resources */ = {isa = PBXBuildFile; fileRef = 87181C6B1F8B42C900609AE7 /* ContactListController.xib */; };
		87181C7D1F8B433700609AE7 /* ContactListController.m in Sources */ = {isa = PBXBuildFile; fileRef = 87181C6A1F8B42C900609AE7 /* ContactListController.m */; };
		879744801F8B2D3F007FEAA9 /* main.m in Sources */ = {isa = PBXBuildFile; fileRef = 8797447F1F8B2D3F007FEAA9 /* main.m */; };
		879744831F8B2D3F007FEAA9 /* AppDelegate.m in Sources */ = {isa = PBXBuildFile; fileRef = 879744821F8B2D3F007FEAA9 /* AppDelegate.m */; };
		879744861F8B2D3F007FEAA9 /* ViewController.m in Sources */ = {isa = PBXBuildFile; fileRef = 879744851F8B2D3F007FEAA9 /* ViewController.m */; };
		879744891F8B2D3F007FEAA9 /* Main.storyboard in Resources */ = {isa = PBXBuildFile; fileRef = 879744871F8B2D3F007FEAA9 /* Main.storyboard */; };
		8797448C1F8B2D3F007FEAA9 /* MyContact.xcdatamodeld in Sources */ = {isa = PBXBuildFile; fileRef = 8797448A1F8B2D3F007FEAA9 /* MyContact.xcdatamodeld */; };
		8797448E1F8B2D3F007FEAA9 /* Assets.xcassets in Resources */ = {isa = PBXBuildFile; fileRef = 8797448D1F8B2D3F007FEAA9 /* Assets.xcassets */; };
		879744911F8B2D40007FEAA9 /* LaunchScreen.storyboard in Resources */ = {isa = PBXBuildFile; fileRef = 8797448F1F8B2D40007FEAA9 /* LaunchScreen.storyboard */; };
		8797449C1F8B2D48007FEAA9 /* MyContactTests.m in Sources */ = {isa = PBXBuildFile; fileRef = 8797449B1F8B2D48007FEAA9 /* MyContactTests.m */; };
/* End PBXBuildFile section */

/* Begin PBXContainerItemProxy section */
		879744981F8B2D47007FEAA9 /* PBXContainerItemProxy */ = {
			isa = PBXContainerItemProxy;
			containerPortal = 879744731F8B2D3E007FEAA9 /* Project object */;
			proxyType = 1;
			remoteGlobalIDString = 8797447A1F8B2D3E007FEAA9;
			remoteInfo = MyContact;
		};
/* End PBXContainerItemProxy section */

/* Begin PBXFileReference section */
		87181C691F8B42C900609AE7 /* ContactListController.h */ = {isa = PBXFileReference; fileEncoding = 4; lastKnownFileType = sourcecode.c.h; path = ContactListController.h; sourceTree = "<group>"; };
		87181C6A1F8B42C900609AE7 /* ContactListController.m */ = {isa = PBXFileReference; fileEncoding = 4; lastKnownFileType = sourcecode.c.objc; path = ContactListController.m; sourceTree = "<group>"; };
		87181C6B1F8B42C900609AE7 /* ContactListController.xib */ = {isa = PBXFileReference; fileEncoding = 4; lastKnownFileType = file.xib; path = ContactListController.xib; sourceTree = "<group>"; };
		87181C6E1F8B42EA00609AE7 /* ContactDetailsController.h */ = {isa = PBXFileReference; fileEncoding = 4; lastKnownFileType = sourcecode.c.h; path = ContactDetailsController.h; sourceTree = "<group>"; };
		87181C6F1F8B42EA00609AE7 /* ContactDetailsController.m */ = {isa = PBXFileReference; fileEncoding = 4; lastKnownFileType = sourcecode.c.objc; path = ContactDetailsController.m; sourceTree = "<group>"; };
		87181C701F8B42EA00609AE7 /* ContactDetailsController.xib */ = {isa = PBXFileReference; fileEncoding = 4; lastKnownFileType = file.xib; path = ContactDetailsController.xib; sourceTree = "<group>"; };
		87181C731F8B430400609AE7 /* ContactEditController.h */ = {isa = PBXFileReference; fileEncoding = 4; lastKnownFileType = sourcecode.c.h; path = ContactEditController.h; sourceTree = "<group>"; };
		87181C741F8B430400609AE7 /* ContactEditController.m */ = {isa = PBXFileReference; fileEncoding = 4; lastKnownFileType = sourcecode.c.objc; path = ContactEditController.m; sourceTree = "<group>"; };
		87181C751F8B430400609AE7 /* ContactEditController.xib */ = {isa = PBXFileReference; fileEncoding = 4; lastKnownFileType = file.xib; path = ContactEditController.xib; sourceTree = "<group>"; };
		8797447B1F8B2D3E007FEAA9 /* MyContact.app */ = {isa = PBXFileReference; explicitFileType = wrapper.application; includeInIndex = 0; path = MyContact.app; sourceTree = BUILT_PRODUCTS_DIR; };
		8797447F1F8B2D3F007FEAA9 /* main.m */ = {isa = PBXFileReference; lastKnownFileType = sourcecode.c.objc; path = main.m; sourceTree = "<group>"; };
		879744811F8B2D3F007FEAA9 /* AppDelegate.h */ = {isa = PBXFileReference; lastKnownFileType = sourcecode.c.h; path = AppDelegate.h; sourceTree = "<group>"; };
		879744821F8B2D3F007FEAA9 /* AppDelegate.m */ = {isa = PBXFileReference; lastKnownFileType = sourcecode.c.objc; path = AppDelegate.m; sourceTree = "<group>"; };
		879744841F8B2D3F007FEAA9 /* ViewController.h */ = {isa = PBXFileReference; lastKnownFileType = sourcecode.c.h; path = ViewController.h; sourceTree = "<group>"; };
		879744851F8B2D3F007FEAA9 /* ViewController.m */ = {isa = PBXFileReference; lastKnownFileType = sourcecode.c.objc; path = ViewController.m; sourceTree = "<group>"; };
		879744881F8B2D3F007FEAA9 /* Base */ = {isa = PBXFileReference; lastKnownFileType = file.storyboard; name = Base; path = Base.lproj/Main.storyboard; sourceTree = "<group>"; };
		8797448B1F8B2D3F007FEAA9 /* MyContact.xcdatamodel */ = {isa = PBXFileReference; lastKnownFileType = wrapper.xcdatamodel; path = MyContact.xcdatamodel; sourceTree = "<group>"; };
		8797448D1F8B2D3F007FEAA9 /* Assets.xcassets */ = {isa = PBXFileReference; lastKnownFileType = folder.assetcatalog; path = Assets.xcassets; sourceTree = "<group>"; };
		879744901F8B2D40007FEAA9 /* Base */ = {isa = PBXFileReference; lastKnownFileType = file.storyboard; name = Base; path = Base.lproj/LaunchScreen.storyboard; sourceTree = "<group>"; };
		879744921F8B2D40007FEAA9 /* Info.plist */ = {isa = PBXFileReference; lastKnownFileType = text.plist.xml; path = Info.plist; sourceTree = "<group>"; };
		879744971F8B2D47007FEAA9 /* MyContactTests.xctest */ = {isa = PBXFileReference; explicitFileType = wrapper.cfbundle; includeInIndex = 0; path = MyContactTests.xctest; sourceTree = BUILT_PRODUCTS_DIR; };
		8797449B1F8B2D48007FEAA9 /* MyContactTests.m */ = {isa = PBXFileReference; lastKnownFileType = sourcecode.c.objc; path = MyContactTests.m; sourceTree = "<group>"; };
		8797449D1F8B2D48007FEAA9 /* Info.plist */ = {isa = PBXFileReference; lastKnownFileType = text.plist.xml; path = Info.plist; sourceTree = "<group>"; };
/* End PBXFileReference section */

/* Begin PBXFrameworksBuildPhase section */
		879744781F8B2D3E007FEAA9 /* Frameworks */ = {
			isa = PBXFrameworksBuildPhase;
			buildActionMask = 2147483647;
			files = (
			);
			runOnlyForDeploymentPostprocessing = 0;
		};
		879744941F8B2D47007FEAA9 /* Frameworks */ = {
			isa = PBXFrameworksBuildPhase;
			buildActionMask = 2147483647;
			files = (
			);
			runOnlyForDeploymentPostprocessing = 0;
		};
/* End PBXFrameworksBuildPhase section */

/* Begin PBXGroup section */
		879744721F8B2D3E007FEAA9 = {
			isa = PBXGroup;
			children = (
				8797447D1F8B2D3F007FEAA9 /* MyContact */,
				8797449A1F8B2D47007FEAA9 /* MyContactTests */,
				8797447C1F8B2D3E007FEAA9 /* Products */,
			);
			sourceTree = "<group>";
		};
		8797447C1F8B2D3E007FEAA9 /* Products */ = {
			isa = PBXGroup;
			children = (
				8797447B1F8B2D3E007FEAA9 /* MyContact.app */,
				879744971F8B2D47007FEAA9 /* MyContactTests.xctest */,
			);
			name = Products;
			sourceTree = "<group>";
		};
		8797447D1F8B2D3F007FEAA9 /* MyContact */ = {
			isa = PBXGroup;
			children = (
				879744811F8B2D3F007FEAA9 /* AppDelegate.h */,
				879744821F8B2D3F007FEAA9 /* AppDelegate.m */,
				879744841F8B2D3F007FEAA9 /* ViewController.h */,
				879744851F8B2D3F007FEAA9 /* ViewController.m */,
				879744871F8B2D3F007FEAA9 /* Main.storyboard */,
				8797448D1F8B2D3F007FEAA9 /* Assets.xcassets */,
				8797448F1F8B2D40007FEAA9 /* LaunchScreen.storyboard */,
				879744921F8B2D40007FEAA9 /* Info.plist */,
				8797448A1F8B2D3F007FEAA9 /* MyContact.xcdatamodeld */,
				8797447E1F8B2D3F007FEAA9 /* Supporting Files */,
				87181C691F8B42C900609AE7 /* ContactListController.h */,
				87181C6A1F8B42C900609AE7 /* ContactListController.m */,
				87181C6B1F8B42C900609AE7 /* ContactListController.xib */,
				87181C6E1F8B42EA00609AE7 /* ContactDetailsController.h */,
				87181C6F1F8B42EA00609AE7 /* ContactDetailsController.m */,
				87181C701F8B42EA00609AE7 /* ContactDetailsController.xib */,
				87181C731F8B430400609AE7 /* ContactEditController.h */,
				87181C741F8B430400609AE7 /* ContactEditController.m */,
				87181C751F8B430400609AE7 /* ContactEditController.xib */,
			);
			path = MyContact;
			sourceTree = "<group>";
		};
		8797447E1F8B2D3F007FEAA9 /* Supporting Files */ = {
			isa = PBXGroup;
			children = (
				8797447F1F8B2D3F007FEAA9 /* main.m */,
			);
			name = "Supporting Files";
			sourceTree = "<group>";
		};
		8797449A1F8B2D47007FEAA9 /* MyContactTests */ = {
			isa = PBXGroup;
			children = (
				8797449B1F8B2D48007FEAA9 /* MyContactTests.m */,
				8797449D1F8B2D48007FEAA9 /* Info.plist */,
			);
			path = MyContactTests;
			sourceTree = "<group>";
		};
/* End PBXGroup section */

/* Begin PBXNativeTarget section */
		8797447A1F8B2D3E007FEAA9 /* MyContact */ = {
			isa = PBXNativeTarget;
			buildConfigurationList = 879744A01F8B2D4A007FEAA9 /* Build configuration list for PBXNativeTarget "MyContact" */;
			buildPhases = (
				879744771F8B2D3E007FEAA9 /* Sources */,
				879744781F8B2D3E007FEAA9 /* Frameworks */,
				879744791F8B2D3E007FEAA9 /* Resources */,
			);
			buildRules = (
			);
			dependencies = (
			);
			name = MyContact;
			productName = MyContact;
			productReference = 8797447B1F8B2D3E007FEAA9 /* MyContact.app */;
			productType = "com.apple.product-type.application";
		};
		879744961F8B2D47007FEAA9 /* MyContactTests */ = {
			isa = PBXNativeTarget;
			buildConfigurationList = 879744A31F8B2D4A007FEAA9 /* Build configuration list for PBXNativeTarget "MyContactTests" */;
			buildPhases = (
				879744931F8B2D47007FEAA9 /* Sources */,
				879744941F8B2D47007FEAA9 /* Frameworks */,
				879744951F8B2D47007FEAA9 /* Resources */,
			);
			buildRules = (
			);
			dependencies = (
				879744991F8B2D47007FEAA9 /* PBXTargetDependency */,
			);
			name = MyContactTests;
			productName = MyContactTests;
			productReference = 879744971F8B2D47007FEAA9 /* MyContactTests.xctest */;
			productType = "com.apple.product-type.bundle.unit-test";
		};
/* End PBXNativeTarget section */

/* Begin PBXProject section */
		879744731F8B2D3E007FEAA9 /* Project object */ = {
			isa = PBXProject;
			attributes = {
				LastUpgradeCheck = 0820;
				ORGANIZATIONNAME = triyakom;
				TargetAttributes = {
					8797447A1F8B2D3E007FEAA9 = {
						CreatedOnToolsVersion = 8.2.1;
						DevelopmentTeam = MQ247JNX6E;
						ProvisioningStyle = Automatic;
					};
					879744961F8B2D47007FEAA9 = {
						CreatedOnToolsVersion = 8.2.1;
						DevelopmentTeam = MQ247JNX6E;
						ProvisioningStyle = Automatic;
						TestTargetID = 8797447A1F8B2D3E007FEAA9;
					};
				};
			};
			buildConfigurationList = 879744761F8B2D3E007FEAA9 /* Build configuration list for PBXProject "MyContact" */;
			compatibilityVersion = "Xcode 3.2";
			developmentRegion = English;
			hasScannedForEncodings = 0;
			knownRegions = (
				en,
				Base,
			);
			mainGroup = 879744721F8B2D3E007FEAA9;
			productRefGroup = 8797447C1F8B2D3E007FEAA9 /* Products */;
			projectDirPath = "";
			projectRoot = "";
			targets = (
				8797447A1F8B2D3E007FEAA9 /* MyContact */,
				879744961F8B2D47007FEAA9 /* MyContactTests */,
			);
		};
/* End PBXProject section */

/* Begin PBXResourcesBuildPhase section */
		879744791F8B2D3E007FEAA9 /* Resources */ = {
			isa = PBXResourcesBuildPhase;
			buildActionMask = 2147483647;
			files = (
				879744911F8B2D40007FEAA9 /* LaunchScreen.storyboard in Resources */,
				8797448E1F8B2D3F007FEAA9 /* Assets.xcassets in Resources */,
				87181C781F8B430400609AE7 /* ContactEditController.xib in Resources */,
				87181C6D1F8B42C900609AE7 /* ContactListController.xib in Resources */,
				879744891F8B2D3F007FEAA9 /* Main.storyboard in Resources */,
				87181C721F8B42EA00609AE7 /* ContactDetailsController.xib in Resources */,
			);
			runOnlyForDeploymentPostprocessing = 0;
		};
		879744951F8B2D47007FEAA9 /* Resources */ = {
			isa = PBXResourcesBuildPhase;
			buildActionMask = 2147483647;
			files = (
				87181C791F8B430400609AE7 /* ContactEditController.xib in Resources */,
				87181C7C1F8B433400609AE7 /* ContactListController.xib in Resources */,
				87181C7A1F8B432C00609AE7 /* ContactDetailsController.xib in Resources */,
			);
			runOnlyForDeploymentPostprocessing = 0;
		};
/* End PBXResourcesBuildPhase section */

/* Begin PBXSourcesBuildPhase section */
		879744771F8B2D3E007FEAA9 /* Sources */ = {
			isa = PBXSourcesBuildPhase;
			buildActionMask = 2147483647;
			files = (
				87181C6C1F8B42C900609AE7 /* ContactListController.m in Sources */,
				87181C761F8B430400609AE7 /* ContactEditController.m in Sources */,
				87181C711F8B42EA00609AE7 /* ContactDetailsController.m in Sources */,
				8797448C1F8B2D3F007FEAA9 /* MyContact.xcdatamodeld in Sources */,
				879744861F8B2D3F007FEAA9 /* ViewController.m in Sources */,
				879744831F8B2D3F007FEAA9 /* AppDelegate.m in Sources */,
				879744801F8B2D3F007FEAA9 /* main.m in Sources */,
			);
			runOnlyForDeploymentPostprocessing = 0;
		};
		879744931F8B2D47007FEAA9 /* Sources */ = {
			isa = PBXSourcesBuildPhase;
			buildActionMask = 2147483647;
			files = (
				87181C771F8B430400609AE7 /* ContactEditController.m in Sources */,
				87181C7B1F8B433000609AE7 /* ContactDetailsController.m in Sources */,
				87181C7D1F8B433700609AE7 /* ContactListController.m in Sources */,
				8797449C1F8B2D48007FEAA9 /* MyContactTests.m in Sources */,
			);
			runOnlyForDeploymentPostprocessing = 0;
		};
/* End PBXSourcesBuildPhase section */

/* Begin PBXTargetDependency section */
		879744991F8B2D47007FEAA9 /* PBXTargetDependency */ = {
			isa = PBXTargetDependency;
			target = 8797447A1F8B2D3E007FEAA9 /* MyContact */;
			targetProxy = 879744981F8B2D47007FEAA9 /* PBXContainerItemProxy */;
		};
/* End PBXTargetDependency section */

/* Begin PBXVariantGroup section */
		879744871F8B2D3F007FEAA9 /* Main.storyboard */ = {
			isa = PBXVariantGroup;
			children = (
				879744881F8B2D3F007FEAA9 /* Base */,
			);
			name = Main.storyboard;
			sourceTree = "<group>";
		};
		8797448F1F8B2D40007FEAA9 /* LaunchScreen.storyboard */ = {
			isa = PBXVariantGroup;
			children = (
				879744901F8B2D40007FEAA9 /* Base */,
			);
			name = LaunchScreen.storyboard;
			sourceTree = "<group>";
		};
/* End PBXVariantGroup section */

/* Begin XCBuildConfiguration section */
		8797449E1F8B2D4A007FEAA9 /* Debug */ = {
			isa = XCBuildConfiguration;
			buildSettings = {
				ALWAYS_SEARCH_USER_PATHS = NO;
				CLANG_ANALYZER_NONNULL = YES;
				CLANG_CXX_LANGUAGE_STANDARD = "gnu++0x";
				CLANG_CXX_LIBRARY = "libc++";
				CLANG_ENABLE_MODULES = YES;
				CLANG_ENABLE_OBJC_ARC = YES;
				CLANG_WARN_BOOL_CONVERSION = YES;
				CLANG_WARN_CONSTANT_CONVERSION = YES;
				CLANG_WARN_DIRECT_OBJC_ISA_USAGE = YES_ERROR;
				CLANG_WARN_DOCUMENTATION_COMMENTS = YES;
				CLANG_WARN_EMPTY_BODY = YES;
				CLANG_WARN_ENUM_CONVERSION = YES;
				CLANG_WARN_INFINITE_RECURSION = YES;
				CLANG_WARN_INT_CONVERSION = YES;
				CLANG_WARN_OBJC_ROOT_CLASS = YES_ERROR;
				CLANG_WARN_SUSPICIOUS_MOVE = YES;
				CLANG_WARN_UNREACHABLE_CODE = YES;
				CLANG_WARN__DUPLICATE_METHOD_MATCH = YES;
				"CODE_SIGN_IDENTITY[sdk=iphoneos*]" = "iPhone Developer";
				COPY_PHASE_STRIP = NO;
				DEBUG_INFORMATION_FORMAT = dwarf;
				ENABLE_STRICT_OBJC_MSGSEND = YES;
				ENABLE_TESTABILITY = YES;
				GCC_C_LANGUAGE_STANDARD = gnu99;
				GCC_DYNAMIC_NO_PIC = NO;
				GCC_NO_COMMON_BLOCKS = YES;
				GCC_OPTIMIZATION_LEVEL = 0;
				GCC_PREPROCESSOR_DEFINITIONS = (
					"DEBUG=1",
					"$(inherited)",
				);
				GCC_WARN_64_TO_32_BIT_CONVERSION = YES;
				GCC_WARN_ABOUT_RETURN_TYPE = YES_ERROR;
				GCC_WARN_UNDECLARED_SELECTOR = YES;
				GCC_WARN_UNINITIALIZED_AUTOS = YES_AGGRESSIVE;
				GCC_WARN_UNUSED_FUNCTION = YES;
				GCC_WARN_UNUSED_VARIABLE = YES;
				IPHONEOS_DEPLOYMENT_TARGET = 10.2;
				MTL_ENABLE_DEBUG_INFO = YES;
				ONLY_ACTIVE_ARCH = YES;
				SDKROOT = iphoneos;
			};
			name = Debug;
		};
		8797449F1F8B2D4A007FEAA9 /* Release */ = {
			isa = XCBuildConfiguration;
			buildSettings = {
				ALWAYS_SEARCH_USER_PATHS = NO;
				CLANG_ANALYZER_NONNULL = YES;
				CLANG_CXX_LANGUAGE_STANDARD = "gnu++0x";
				CLANG_CXX_LIBRARY = "libc++";
				CLANG_ENABLE_MODULES = YES;
				CLANG_ENABLE_OBJC_ARC = YES;
				CLANG_WARN_BOOL_CONVERSION = YES;
				CLANG_WARN_CONSTANT_CONVERSION = YES;
				CLANG_WARN_DIRECT_OBJC_ISA_USAGE = YES_ERROR;
				CLANG_WARN_DOCUMENTATION_COMMENTS = YES;
				CLANG_WARN_EMPTY_BODY = YES;
				CLANG_WARN_ENUM_CONVERSION = YES;
				CLANG_WARN_INFINITE_RECURSION = YES;
				CLANG_WARN_INT_CONVERSION = YES;
				CLANG_WARN_OBJC_ROOT_CLASS = YES_ERROR;
				CLANG_WARN_SUSPICIOUS_MOVE = YES;
				CLANG_WARN_UNREACHABLE_CODE = YES;
				CLANG_WARN__DUPLICATE_METHOD_MATCH = YES;
				"CODE_SIGN_IDENTITY[sdk=iphoneos*]" = "iPhone Developer";
				COPY_PHASE_STRIP = NO;
				DEBUG_INFORMATION_FORMAT = "dwarf-with-dsym";
				ENABLE_NS_ASSERTIONS = NO;
				ENABLE_STRICT_OBJC_MSGSEND = YES;
				GCC_C_LANGUAGE_STANDARD = gnu99;
				GCC_NO_COMMON_BLOCKS = YES;
				GCC_WARN_64_TO_32_BIT_CONVERSION = YES;
				GCC_WARN_ABOUT_RETURN_TYPE = YES_ERROR;
				GCC_WARN_UNDECLARED_SELECTOR = YES;
				GCC_WARN_UNINITIALIZED_AUTOS = YES_AGGRESSIVE;
				GCC_WARN_UNUSED_FUNCTION = YES;
				GCC_WARN_UNUSED_VARIABLE = YES;
				IPHONEOS_DEPLOYMENT_TARGET = 10.2;
				MTL_ENABLE_DEBUG_INFO = NO;
				SDKROOT = iphoneos;
				VALIDATE_PRODUCT = YES;
			};
			name = Release;
		};
		879744A11F8B2D4A007FEAA9 /* Debug */ = {
			isa = XCBuildConfiguration;
			buildSettings = {
				ASSETCATALOG_COMPILER_APPICON_NAME = AppIcon;
				DEVELOPMENT_TEAM = MQ247JNX6E;
				INFOPLIST_FILE = MyContact/Info.plist;
				LD_RUNPATH_SEARCH_PATHS = "$(inherited) @executable_path/Frameworks";
				PRODUCT_BUNDLE_IDENTIFIER = com.ty.3yk.MyContact;
				PRODUCT_NAME = "$(TARGET_NAME)";
			};
			name = Debug;
		};
		879744A21F8B2D4A007FEAA9 /* Release */ = {
			isa = XCBuildConfiguration;
			buildSettings = {
				ASSETCATALOG_COMPILER_APPICON_NAME = AppIcon;
				DEVELOPMENT_TEAM = MQ247JNX6E;
				INFOPLIST_FILE = MyContact/Info.plist;
				LD_RUNPATH_SEARCH_PATHS = "$(inherited) @executable_path/Frameworks";
				PRODUCT_BUNDLE_IDENTIFIER = com.ty.3yk.MyContact;
				PRODUCT_NAME = "$(TARGET_NAME)";
			};
			name = Release;
		};
		879744A41F8B2D4A007FEAA9 /* Debug */ = {
			isa = XCBuildConfiguration;
			buildSettings = {
				BUNDLE_LOADER = "$(TEST_HOST)";
				DEVELOPMENT_TEAM = MQ247JNX6E;
				INFOPLIST_FILE = MyContactTests/Info.plist;
				LD_RUNPATH_SEARCH_PATHS = "$(inherited) @executable_path/Frameworks @loader_path/Frameworks";
				PRODUCT_BUNDLE_IDENTIFIER = com.ty.3yk.MyContactTests;
				PRODUCT_NAME = "$(TARGET_NAME)";
				TEST_HOST = "$(BUILT_PRODUCTS_DIR)/MyContact.app/MyContact";
			};
			name = Debug;
		};
		879744A51F8B2D4A007FEAA9 /* Release */ = {
			isa = XCBuildConfiguration;
			buildSettings = {
				BUNDLE_LOADER = "$(TEST_HOST)";
				DEVELOPMENT_TEAM = MQ247JNX6E;
				INFOPLIST_FILE = MyContactTests/Info.plist;
				LD_RUNPATH_SEARCH_PATHS = "$(inherited) @executable_path/Frameworks @loader_path/Frameworks";
				PRODUCT_BUNDLE_IDENTIFIER = com.ty.3yk.MyContactTests;
				PRODUCT_NAME = "$(TARGET_NAME)";
				TEST_HOST = "$(BUILT_PRODUCTS_DIR)/MyContact.app/MyContact";
			};
			name = Release;
		};
/* End XCBuildConfiguration section */

/* Begin XCConfigurationList section */
		879744761F8B2D3E007FEAA9 /* Build configuration list for PBXProject "MyContact" */ = {
			isa = XCConfigurationList;
			buildConfigurations = (
				8797449E1F8B2D4A007FEAA9 /* Debug */,
				8797449F1F8B2D4A007FEAA9 /* Release */,
			);
			defaultConfigurationIsVisible = 0;
			defaultConfigurationName = Release;
		};
		879744A01F8B2D4A007FEAA9 /* Build configuration list for PBXNativeTarget "MyContact" */ = {
			isa = XCConfigurationList;
			buildConfigurations = (
				879744A11F8B2D4A007FEAA9 /* Debug */,
				879744A21F8B2D4A007FEAA9 /* Release */,
			);
			defaultConfigurationIsVisible = 0;
			defaultConfigurationName = Release;
		};
		879744A31F8B2D4A007FEAA9 /* Build configuration list for PBXNativeTarget "MyContactTests" */ = {
			isa = XCConfigurationList;
			buildConfigurations = (
				879744A41F8B2D4A007FEAA9 /* Debug */,
				879744A51F8B2D4A007FEAA9 /* Release */,
			);
			defaultConfigurationIsVisible = 0;
			defaultConfigurationName = Release;
		};
/* End XCConfigurationList section */

/* Begin XCVersionGroup section */
		8797448A1F8B2D3F007FEAA9 /* MyContact.xcdatamodeld */ = {
			isa = XCVersionGroup;
			children = (
				8797448B1F8B2D3F007FEAA9 /* MyContact.xcdatamodel */,
			);
			currentVersion = 8797448B1F8B2D3F007FEAA9 /* MyContact.xcdatamodel */;
			path = MyContact.xcdatamodeld;
			sourceTree = "<group>";
			versionGroupType = wrapper.xcdatamodel;
		};
/* End XCVersionGroup section */
	};
	rootObject = 879744731F8B2D3E007FEAA9 /* Project object */;
}
